
Microsoft Visual Studio Solution File, Format Version 12.00
# Visual Studio Version 17
VisualStudioVersion = 17.1.32228.430
MinimumVisualStudioVersion = 10.0.40219.1
Project("{FAE04EC0-301F-11D3-BF4B-00C04F79EFBC}") = "TaxiBooking", "TaxiBooking.csproj", "{2C0856C8-6DD7-402C-A8DB-991B47A2369E}"
EndProject
Global
	GlobalSection(SolutionConfigurationPlatforms) = preSolution
		Debug|Any CPU = Debug|Any CPU
		Release|Any CPU = Release|Any CPU
	EndGlobalSection
	GlobalSection(ProjectConfigurationPlatforms) = postSolution
		{2C0856C8-6DD7-402C-A8DB-991B47A2369E}.Debug|Any CPU.ActiveCfg = Debug|Any CPU
		{2C0856C8-6DD7-402C-A8DB-991B47A2369E}.Debug|Any CPU.Build.0 = Debug|Any CPU
		{2C0856C8-6DD7-402C-A8DB-991B47A2369E}.Release|Any CPU.ActiveCfg = Release|Any CPU
		{2C0856C8-6DD7-402C-A8DB-991B47A2369E}.Release|Any CPU.Build.0 = Release|Any CPU
	EndGlobalSection
	GlobalSection(SolutionProperties) = preSolution
		HideSolutionNode = FALSE
	EndGlobalSection
	GlobalSection(ExtensibilityGlobals) = postSolution
		SolutionGuid = {6B6108FC-8B4D-4FFC-A0BA-CC564FB243F3}
	EndGlobalSection
EndGlobal
